
Microsoft Visual Studio Solution File, Format Version 12.00
# Visual Studio Version 17
VisualStudioVersion = 17.6.33723.286
MinimumVisualStudioVersion = 10.0.40219.1
Project("{FAE04EC0-301F-11D3-BF4B-00C04F79EFBC}") = "VKSignatureGenerator", "VKSignatureGenerator\VKSignatureGenerator.csproj", "{EB0B6197-E076-41F7-8725-526AB0B51D8D}"
EndProject
Global
	GlobalSection(SolutionConfigurationPlatforms) = preSolution
		Debug|Any CPU = Debug|Any CPU
		Release|Any CPU = Release|Any CPU
	EndGlobalSection
	GlobalSection(ProjectConfigurationPlatforms) = postSolution
		{EB0B6197-E076-41F7-8725-526AB0B51D8D}.Debug|Any CPU.ActiveCfg = Debug|Any CPU
		{EB0B6197-E076-41F7-8725-526AB0B51D8D}.Debug|Any CPU.Build.0 = Debug|Any CPU
		{EB0B6197-E076-41F7-8725-526AB0B51D8D}.Release|Any CPU.ActiveCfg = Release|Any CPU
		{EB0B6197-E076-41F7-8725-526AB0B51D8D}.Release|Any CPU.Build.0 = Release|Any CPU
	EndGlobalSection
	GlobalSection(SolutionProperties) = preSolution
		HideSolutionNode = FALSE
	EndGlobalSection
	GlobalSection(ExtensibilityGlobals) = postSolution
		SolutionGuid = {EAA71858-7FB8-4B73-A77C-90E75C1F309A}
	EndGlobalSection
EndGlobal
